PODS:
  - DWKit/DWComponent/DWFixAdjustCollectionView (0.0.0.19)
  - DWKit/DWComponent/DWLabel (0.0.0.19)
  - DWKit/DWUtils/DWOperationCancelFlag (0.0.0.19)
  - DWMediaPreviewController (0.0.0.46):
    - DWKit/DWComponent/DWFixAdjustCollectionView (~> 0.0.0.12)
    - DWKit/DWUtils/DWOperationCancelFlag (~> 0.0.0.8)
    - DWPlayer (~> 0.0.0.5)
    - YYImage (~> 1.0.4)
  - DWPlayer (0.0.0.5)
  - SDWebImage (5.10.0):
    - SDWebImage/Core (= 5.10.0)
  - SDWebImage/Core (5.10.0)
  - YYImage (1.0.4):
    - YYImage/Core (= 1.0.4)
  - YYImage/Core (1.0.4)

DEPENDENCIES:
  - DWKit/DWComponent/DWLabel
  - DWMediaPreviewController (from `../`)
  - SDWebImage

SPEC REPOS:
  https://github.com/cocoapods/specs.git:
    - DWKit
    - DWPlayer
    - SDWebImage
    - YYImage

EXTERNAL SOURCES:
  DWMediaPreviewController:
    :path: "../"

SPEC CHECKSUMS:
  DWKit: 08430c3189bd30b07c52c7ec3d0831aa564c25e7
  DWMediaPreviewController: af4ceae9d25361adfe356748b1acd5dbfa42a2f4
  DWPlayer: 489f2116280123fdf4f53cf94893bb4a0f017cc1
  SDWebImage: 9169792e9eec3e45bba2a0c02f74bf8bd922d1ee
  YYImage: 1e1b62a9997399593e4b9c4ecfbbabbf1d3f3b54

PODFILE CHECKSUM: 978160a45398f050459f5ce7d4ab27dd06e1a86c

COCOAPODS: 1.7.2
